{
  "requires": true,
  "lockfileVersion": 1,
  "dependencies": {
    "@types/pako": {
      "version": "1.0.1",
      "resolved": "https://registry.npmjs.org/@types/pako/-/pako-1.0.1.tgz",
      "integrity": "sha512-GdZbRSJ3Cv5fiwT6I0SQ3ckeN2PWNqxd26W9Z2fCK1tGrrasGy4puvNFtnddqH9UJFMQYXxEuuB7B8UK+LLwSg==",
      "dev": true
    },
    "packedio": {
      "version": "git+https://github.com/EndCrystal/PackedIO_JS.git#586e919a8b39722bac00b49b75bccb02e5d893e4",
      "from": "git+https://github.com/EndCrystal/PackedIO_JS.git"
    },
    "pako": {
      "version": "1.0.10",
      "resolved": "https://registry.npmjs.org/pako/-/pako-1.0.10.tgz",
      "integrity": "sha512-0DTvPVU3ed8+HNXOu5Bs+o//Mbdj9VNQMUOe9oKCwh8l0GNwpTDMKCWbRjgtD291AWnkAgkqA/LOnQS8AmS1tw=="
    },
    "typescript": {
      "version": "3.6.3",
      "resolved": "https://registry.npmjs.org/typescript/-/typescript-3.6.3.tgz",
      "integrity": "sha512-N7bceJL1CtRQ2RiG0AQME13ksR7DiuQh/QehubYcghzv20tnh+MQnQIuJddTmsbqYj+dztchykemz0zFzlvdQw==",
      "dev": true
    }
  }
}
