{
  "requires": true,
  "lockfileVersion": 1,
  "dependencies": {
    "packedio": {
      "version": "git+https://github.com/EndCrystal/PackedIO_JS.git#688bcc71474184869cd74056b1a4207d191a89d1",
      "from": "git+https://github.com/EndCrystal/PackedIO_JS.git"
    },
    "typescript": {
      "version": "3.6.3",
      "resolved": "https://registry.npmjs.org/typescript/-/typescript-3.6.3.tgz",
      "integrity": "sha512-N7bceJL1CtRQ2RiG0AQME13ksR7DiuQh/QehubYcghzv20tnh+MQnQIuJddTmsbqYj+dztchykemz0zFzlvdQw==",
      "dev": true
    }
  }
}
